
Microsoft Visual Studio Solution File, Format Version 12.00
# Visual Studio Version 16
VisualStudioVersion = 16.0.31205.134
MinimumVisualStudioVersion = 10.0.40219.1
Project("{FAE04EC0-301F-11D3-BF4B-00C04F79EFBC}") = "GUI", "GUI\GUI.csproj", "{09B4BD51-CA0B-445D-ACF7-1BEC6E998C09}"
EndProject
Global
	GlobalSection(SolutionConfigurationPlatforms) = preSolution
		Debug|Any CPU = Debug|Any CPU
		Release|Any CPU = Release|Any CPU
	EndGlobalSection
	GlobalSection(ProjectConfigurationPlatforms) = postSolution
		{09B4BD51-CA0B-445D-ACF7-1BEC6E998C09}.Debug|Any CPU.ActiveCfg = Debug|Any CPU
		{09B4BD51-CA0B-445D-ACF7-1BEC6E998C09}.Debug|Any CPU.Build.0 = Debug|Any CPU
		{09B4BD51-CA0B-445D-ACF7-1BEC6E998C09}.Release|Any CPU.ActiveCfg = Release|Any CPU
		{09B4BD51-CA0B-445D-ACF7-1BEC6E998C09}.Release|Any CPU.Build.0 = Release|Any CPU
	EndGlobalSection
	GlobalSection(SolutionProperties) = preSolution
		HideSolutionNode = FALSE
	EndGlobalSection
	GlobalSection(ExtensibilityGlobals) = postSolution
		SolutionGuid = {A4CE03FB-8207-4513-9620-ABA9262D821C}
	EndGlobalSection
EndGlobal
